{
  "name": "fis-optimizer-terser",
  "version": "1.2.0",
  "lockfileVersion": 2,
  "requires": true,
  "packages": {
    "": {
      "name": "fis-optimizer-terser",
      "version": "1.2.0",
      "license": "ISC",
      "dependencies": {
        "deasync": "0.1.24",
        "terser": "5.12.0"
      }
    },
    "node_modules/acorn": {
      "version": "8.7.0",
      "resolved": "http://registry.npm.baidu-int.com/acorn/-/acorn-8.7.0.tgz",
      "integrity": "sha512-V/LGr1APy+PXIwKebEWrkZPwoeoF+w1jiOBUmuxuiUIaOHtob8Qc9BTrYo7VuI5fR8tqsy+buA2WFooR5olqvQ==",
      "license": "MIT",
      "bin": {
        "acorn": "bin/acorn"
      },
      "engines": {
        "node": ">=0.4.0"
      }
    },
    "node_modules/bindings": {
      "version": "1.5.0",
      "resolved": "http://registry.npm.baidu-int.com/bindings/-/bindings-1.5.0.tgz",
      "integrity": "sha1-EDU8npRTNLwFEabZCzj7x8nFBN8=",
      "license": "MIT",
      "dependencies": {
        "file-uri-to-path": "1.0.0"
      }
    },
    "node_modules/buffer-from": {
      "version": "1.1.2",
      "resolved": "http://registry.npm.baidu-int.com/buffer-from/-/buffer-from-1.1.2.tgz",
      "integrity": "sha1-KxRqb9cugLT1XSVfNe1Zo6mkG9U=",
      "license": "MIT"
    },
    "node_modules/commander": {
      "version": "2.20.3",
      "resolved": "http://registry.npm.baidu-int.com/commander/-/commander-2.20.3.tgz",
      "integrity": "sha512-GpVkmM8vF2vQUkj2LvZmD35JxeJOLCwJ9cUkugyk2nuhbv3+mJvpLYYt+0+USMxE+oj+ey/lJEnhZw75x/OMcQ==",
      "license": "MIT"
    },
    "node_modules/deasync": {
      "version": "0.1.24",
      "resolved": "http://registry.npm.baidu-int.com/deasync/-/deasync-0.1.24.tgz",
      "integrity": "sha1-bsycb/nrpkpPRXKuPE23f+0JJoo=",
      "hasInstallScript": true,
      "license": "MIT",
      "dependencies": {
        "bindings": "^1.5.0",
        "node-addon-api": "^1.7.1"
      },
      "engines": {
        "node": ">=0.11.0"
      }
    },
    "node_modules/file-uri-to-path": {
      "version": "1.0.0",
      "resolved": "http://registry.npm.baidu-int.com/file-uri-to-path/-/file-uri-to-path-1.0.0.tgz",
      "integrity": "sha1-VTp7hEb/b2hDWcRF8eN6BdrMM90=",
      "license": "MIT"
    },
    "node_modules/node-addon-api": {
      "version": "1.7.2",
      "resolved": "http://registry.npm.baidu-int.com/node-addon-api/-/node-addon-api-1.7.2.tgz",
      "integrity": "sha1-PfMLlXILU8JOWZSLSVMrZiRE9U0=",
      "license": "MIT"
    },
    "node_modules/source-map": {
      "version": "0.7.3",
      "resolved": "http://registry.npm.baidu-int.com/source-map/-/source-map-0.7.3.tgz",
      "integrity": "sha512-CkCj6giN3S+n9qrYiBTX5gystlENnRW5jZeNLHpe6aue+SrHcG5VYwujhW9s4dY31mEGsxBDrHR6oI69fTXsaQ==",
      "license": "BSD-3-Clause",
      "engines": {
        "node": ">= 8"
      }
    },
    "node_modules/source-map-support": {
      "version": "0.5.21",
      "resolved": "http://registry.npm.baidu-int.com/source-map-support/-/source-map-support-0.5.21.tgz",
      "integrity": "sha1-BP58f54e0tZiIzwoyys1ufY/bk8=",
      "license": "MIT",
      "dependencies": {
        "buffer-from": "^1.0.0",
        "source-map": "^0.6.0"
      }
    },
    "node_modules/source-map-support/node_modules/source-map": {
      "version": "0.6.1",
      "resolved": "http://registry.npm.baidu-int.com/source-map/-/source-map-0.6.1.tgz",
      "integrity": "sha1-dHIq8y6WFOnCh6jQu95IteLxomM=",
      "license": "BSD-3-Clause",
      "engines": {
        "node": ">=0.10.0"
      }
    },
    "node_modules/terser": {
      "version": "5.12.0",
      "resolved": "http://registry.npm.baidu-int.com/terser/-/terser-5.12.0.tgz",
      "integrity": "sha512-R3AUhNBGWiFc77HXag+1fXpAxTAFRQTJemlJKjAgD9r8xXTpjNKqIXwHM/o7Rh+O0kUJtS3WQVdBeMKFk5sw9A==",
      "license": "BSD-2-Clause",
      "dependencies": {
        "acorn": "^8.5.0",
        "commander": "^2.20.0",
        "source-map": "~0.7.2",
        "source-map-support": "~0.5.20"
      },
      "bin": {
        "terser": "bin/terser"
      },
      "engines": {
        "node": ">=10"
      }
    }
  },
  "dependencies": {
    "acorn": {
      "version": "8.7.0",
      "resolved": "http://registry.npm.baidu-int.com/acorn/-/acorn-8.7.0.tgz",
      "integrity": "sha512-V/LGr1APy+PXIwKebEWrkZPwoeoF+w1jiOBUmuxuiUIaOHtob8Qc9BTrYo7VuI5fR8tqsy+buA2WFooR5olqvQ=="
    },
    "bindings": {
      "version": "1.5.0",
      "resolved": "http://registry.npm.baidu-int.com/bindings/-/bindings-1.5.0.tgz",
      "integrity": "sha1-EDU8npRTNLwFEabZCzj7x8nFBN8=",
      "requires": {
        "file-uri-to-path": "1.0.0"
      }
    },
    "buffer-from": {
      "version": "1.1.2",
      "resolved": "http://registry.npm.baidu-int.com/buffer-from/-/buffer-from-1.1.2.tgz",
      "integrity": "sha1-KxRqb9cugLT1XSVfNe1Zo6mkG9U="
    },
    "commander": {
      "version": "2.20.3",
      "resolved": "http://registry.npm.baidu-int.com/commander/-/commander-2.20.3.tgz",
      "integrity": "sha512-GpVkmM8vF2vQUkj2LvZmD35JxeJOLCwJ9cUkugyk2nuhbv3+mJvpLYYt+0+USMxE+oj+ey/lJEnhZw75x/OMcQ=="
    },
    "deasync": {
      "version": "0.1.24",
      "resolved": "http://registry.npm.baidu-int.com/deasync/-/deasync-0.1.24.tgz",
      "integrity": "sha1-bsycb/nrpkpPRXKuPE23f+0JJoo=",
      "requires": {
        "bindings": "^1.5.0",
        "node-addon-api": "^1.7.1"
      }
    },
    "file-uri-to-path": {
      "version": "1.0.0",
      "resolved": "http://registry.npm.baidu-int.com/file-uri-to-path/-/file-uri-to-path-1.0.0.tgz",
      "integrity": "sha1-VTp7hEb/b2hDWcRF8eN6BdrMM90="
    },
    "node-addon-api": {
      "version": "1.7.2",
      "resolved": "http://registry.npm.baidu-int.com/node-addon-api/-/node-addon-api-1.7.2.tgz",
      "integrity": "sha1-PfMLlXILU8JOWZSLSVMrZiRE9U0="
    },
    "source-map": {
      "version": "0.7.3",
      "resolved": "http://registry.npm.baidu-int.com/source-map/-/source-map-0.7.3.tgz",
      "integrity": "sha512-CkCj6giN3S+n9qrYiBTX5gystlENnRW5jZeNLHpe6aue+SrHcG5VYwujhW9s4dY31mEGsxBDrHR6oI69fTXsaQ=="
    },
    "source-map-support": {
      "version": "0.5.21",
      "resolved": "http://registry.npm.baidu-int.com/source-map-support/-/source-map-support-0.5.21.tgz",
      "integrity": "sha1-BP58f54e0tZiIzwoyys1ufY/bk8=",
      "requires": {
        "buffer-from": "^1.0.0",
        "source-map": "^0.6.0"
      },
      "dependencies": {
        "source-map": {
          "version": "0.6.1",
          "resolved": "http://registry.npm.baidu-int.com/source-map/-/source-map-0.6.1.tgz",
          "integrity": "sha1-dHIq8y6WFOnCh6jQu95IteLxomM="
        }
      }
    },
    "terser": {
      "version": "5.12.0",
      "resolved": "http://registry.npm.baidu-int.com/terser/-/terser-5.12.0.tgz",
      "integrity": "sha512-R3AUhNBGWiFc77HXag+1fXpAxTAFRQTJemlJKjAgD9r8xXTpjNKqIXwHM/o7Rh+O0kUJtS3WQVdBeMKFk5sw9A==",
      "requires": {
        "acorn": "^8.5.0",
        "commander": "^2.20.0",
        "source-map": "~0.7.2",
        "source-map-support": "~0.5.20"
      }
    }
  }
}
